// !$*UTF8*$!
{
	archiveVersion = 1;
	classes = {
	};
	objectVersion = 48;
	objects = {

/* Begin PBXBuildFile section */
		3D0CE503201ED5FB0062BA49 /* XLAlertControllerObject.m in Sources */ = {isa = PBXBuildFile; fileRef = 3D0CE4F8201ED5FB0062BA49 /* XLAlertControllerObject.m */; };
		3D0CE504201ED5FB0062BA49 /* XLBlockActionSheet.m in Sources */ = {isa = PBXBuildFile; fileRef = 3D0CE4FA201ED5FB0062BA49 /* XLBlockActionSheet.m */; };
		3D0CE505201ED5FB0062BA49 /* XLBlockAlertView.m in Sources */ = {isa = PBXBuildFile; fileRef = 3D0CE4FC201ED5FB0062BA49 /* XLBlockAlertView.m */; };
		3D0CE506201ED5FB0062BA49 /* XLBlockedButton.m in Sources */ = {isa = PBXBuildFile; fileRef = 3D0CE4FE201ED5FB0062BA49 /* XLBlockedButton.m */; };
		3D0CE508201ED5FB0062BA49 /* XLHyperLinkButton.m in Sources */ = {isa = PBXBuildFile; fileRef = 3D0CE502201ED5FB0062BA49 /* XLHyperLinkButton.m */; };
		3D358189200C441C00C305FF /* XJTLoginViewController.m in Sources */ = {isa = PBXBuildFile; fileRef = 3D358188200C441C00C305FF /* XJTLoginViewController.m */; };
		3D35818C200C483500C305FF /* XJTCommonsDefines.m in Sources */ = {isa = PBXBuildFile; fileRef = 3D35818B200C483500C305FF /* XJTCommonsDefines.m */; };
		3D35818F200C495400C305FF /* XJTUtilities.m in Sources */ = {isa = PBXBuildFile; fileRef = 3D35818E200C495400C305FF /* XJTUtilities.m */; };
		3D35819A200C53F500C305FF /* XJTMainTabBarController.m in Sources */ = {isa = PBXBuildFile; fileRef = 3D358199200C53F500C305FF /* XJTMainTabBarController.m */; };
		3D35819D200C796300C305FF /* XJTRequestManager.m in Sources */ = {isa = PBXBuildFile; fileRef = 3D35819C200C796300C305FF /* XJTRequestManager.m */; };
		3D3581A0200C82C700C305FF /* XJTBaseRequest.m in Sources */ = {isa = PBXBuildFile; fileRef = 3D35819F200C82C700C305FF /* XJTBaseRequest.m */; };
		3D3581A3200D929A00C305FF /* XJTBaseModel.m in Sources */ = {isa = PBXBuildFile; fileRef = 3D3581A2200D929A00C305FF /* XJTBaseModel.m */; };
		3D577D622015B63500AF2E59 /* XJTSearchPatientViewController.m in Sources */ = {isa = PBXBuildFile; fileRef = 3D577D612015B63500AF2E59 /* XJTSearchPatientViewController.m */; };
		3D577D662015B79700AF2E59 /* XJTTrainingCenterViewController.m in Sources */ = {isa = PBXBuildFile; fileRef = 3D577D652015B79700AF2E59 /* XJTTrainingCenterViewController.m */; };
		3D75A9FA2005EA1500231987 /* AppDelegate.m in Sources */ = {isa = PBXBuildFile; fileRef = 3D75A9F92005EA1500231987 /* AppDelegate.m */; };
		3D75AA002005EA1500231987 /* Main.storyboard in Resources */ = {isa = PBXBuildFile; fileRef = 3D75A9FE2005EA1500231987 /* Main.storyboard */; };
		3D75AA022005EA1500231987 /* Assets.xcassets in Resources */ = {isa = PBXBuildFile; fileRef = 3D75AA012005EA1500231987 /* Assets.xcassets */; };
		3D75AA052005EA1500231987 /* LaunchScreen.storyboard in Resources */ = {isa = PBXBuildFile; fileRef = 3D75AA032005EA1500231987 /* LaunchScreen.storyboard */; };
		3D75AA082005EA1500231987 /* main.m in Sources */ = {isa = PBXBuildFile; fileRef = 3D75AA072005EA1500231987 /* main.m */; };
		3D75AA122005EA1500231987 /* InHeart_TrainingTests.m in Sources */ = {isa = PBXBuildFile; fileRef = 3D75AA112005EA1500231987 /* InHeart_TrainingTests.m */; };
		3D75AA1D2005EA1500231987 /* InHeart_TrainingUITests.m in Sources */ = {isa = PBXBuildFile; fileRef = 3D75AA1C2005EA1500231987 /* InHeart_TrainingUITests.m */; };
		3D7DDBF52044EE350046BDAC /* XJTConnectNavigationController.m in Sources */ = {isa = PBXBuildFile; fileRef = 3D7DDBF42044EE350046BDAC /* XJTConnectNavigationController.m */; };
		3D7DDBF82044EE570046BDAC /* XJTConnectIPViewController.m in Sources */ = {isa = PBXBuildFile; fileRef = 3D7DDBF72044EE570046BDAC /* XJTConnectIPViewController.m */; };
		3D7DDBFB204529930046BDAC /* XJTConnectBlueToothViewController.m in Sources */ = {isa = PBXBuildFile; fileRef = 3D7DDBFA204529930046BDAC /* XJTConnectBlueToothViewController.m */; };
		3D7DDBFF20453D3A0046BDAC /* XJTBlueToothCell.m in Sources */ = {isa = PBXBuildFile; fileRef = 3D7DDBFE20453D3A0046BDAC /* XJTBlueToothCell.m */; };
		3D7DDC072047A4070046BDAC /* XJTSocketManager.m in Sources */ = {isa = PBXBuildFile; fileRef = 3D7DDC062047A4060046BDAC /* XJTSocketManager.m */; };
		3D7DDC0A2047CC3A0046BDAC /* XJTBleManager.m in Sources */ = {isa = PBXBuildFile; fileRef = 3D7DDC092047CC3A0046BDAC /* XJTBleManager.m */; };
		3D7DDC0D2047ED5D0046BDAC /* XJTContentDataViewController.m in Sources */ = {isa = PBXBuildFile; fileRef = 3D7DDC0C2047ED5D0046BDAC /* XJTContentDataViewController.m */; };
		3D7DDC13204922950046BDAC /* XJTAlertTipView.m in Sources */ = {isa = PBXBuildFile; fileRef = 3D7DDC12204922940046BDAC /* XJTAlertTipView.m */; };
		3D7DDC88204E58480046BDAC /* heart_rate_wave.gif in Resources */ = {isa = PBXBuildFile; fileRef = 3D7DDC87204E58470046BDAC /* heart_rate_wave.gif */; };
		3D7DDC8D204E65310046BDAC /* heart_rate.gif in Resources */ = {isa = PBXBuildFile; fileRef = 3D7DDC8C204E65300046BDAC /* heart_rate.gif */; };
		3D7DDC90204E7A490046BDAC /* XJTHeartRateWaveView.m in Sources */ = {isa = PBXBuildFile; fileRef = 3D7DDC8F204E7A490046BDAC /* XJTHeartRateWaveView.m */; };
		3D7DDC94204F856B0046BDAC /* YSCWaveView.m in Sources */ = {isa = PBXBuildFile; fileRef = 3D7DDC93204F856B0046BDAC /* YSCWaveView.m */; };
		3D7DDC9C205286AA0046BDAC /* InfoPlist.strings in Resources */ = {isa = PBXBuildFile; fileRef = 3D7DDC9E205286AA0046BDAC /* InfoPlist.strings */; };
		3D9446DE205FB82B0056A492 /* Connect.storyboard in Resources */ = {isa = PBXBuildFile; fileRef = 3D9446DC205FB82A0056A492 /* Connect.storyboard */; };
		5D406B974BFB53250C8A029F /* libPods-InHeart-Training.a in Frameworks */ = {isa = PBXBuildFile; fileRef = C32BC3EE32DCE61E93BAFD1F /* libPods-InHeart-Training.a */; };
/* End PBXBuildFile section */

/* Begin PBXContainerItemProxy section */
		3D75AA0E2005EA1500231987 /* PBXContainerItemProxy */ = {
			isa = PBXContainerItemProxy;
			containerPortal = 3D75A9ED2005EA1500231987 /* Project object */;
			proxyType = 1;
			remoteGlobalIDString = 3D75A9F42005EA1500231987;
			remoteInfo = "InHeart-Training";
		};
		3D75AA192005EA1500231987 /* PBXContainerItemProxy */ = {
			isa = PBXContainerItemProxy;
			containerPortal = 3D75A9ED2005EA1500231987 /* Project object */;
			proxyType = 1;
			remoteGlobalIDString = 3D75A9F42005EA1500231987;
			remoteInfo = "InHeart-Training";
		};
/* End PBXContainerItemProxy section */

/* Begin PBXFileReference section */
		1093E17DA8D76D9F83121086 /* Pods-InHeart-Training.release.xcconfig */ = {isa = PBXFileReference; includeInIndex = 1; lastKnownFileType = text.xcconfig; name = "Pods-InHeart-Training.release.xcconfig"; path = "Pods/Target Support Files/Pods-InHeart-Training/Pods-InHeart-Training.release.xcconfig"; sourceTree = "<group>"; };
		3D0CE4F7201ED5FB0062BA49 /* XLAlertControllerObject.h */ = {isa = PBXFileReference; fileEncoding = 4; lastKnownFileType = sourcecode.c.h; path = XLAlertControllerObject.h; sourceTree = "<group>"; };
		3D0CE4F8201ED5FB0062BA49 /* XLAlertControllerObject.m */ = {isa = PBXFileReference; fileEncoding = 4; lastKnownFileType = sourcecode.c.objc; path = XLAlertControllerObject.m; sourceTree = "<group>"; };
		3D0CE4F9201ED5FB0062BA49 /* XLBlockActionSheet.h */ = {isa = PBXFileReference; fileEncoding = 4; lastKnownFileType = sourcecode.c.h; path = XLBlockActionSheet.h; sourceTree = "<group>"; };
		3D0CE4FA201ED5FB0062BA49 /* XLBlockActionSheet.m */ = {isa = PBXFileReference; fileEncoding = 4; lastKnownFileType = sourcecode.c.objc; path = XLBlockActionSheet.m; sourceTree = "<group>"; };
		3D0CE4FB201ED5FB0062BA49 /* XLBlockAlertView.h */ = {isa = PBXFileReference; fileEncoding = 4; lastKnownFileType = sourcecode.c.h; path = XLBlockAlertView.h; sourceTree = "<group>"; };
		3D0CE4FC201ED5FB0062BA49 /* XLBlockAlertView.m */ = {isa = PBXFileReference; fileEncoding = 4; lastKnownFileType = sourcecode.c.objc; path = XLBlockAlertView.m; sourceTree = "<group>"; };
		3D0CE4FD201ED5FB0062BA49 /* XLBlockedButton.h */ = {isa = PBXFileReference; fileEncoding = 4; lastKnownFileType = sourcecode.c.h; path = XLBlockedButton.h; sourceTree = "<group>"; };
		3D0CE4FE201ED5FB0062BA49 /* XLBlockedButton.m */ = {isa = PBXFileReference; fileEncoding = 4; lastKnownFileType = sourcecode.c.objc; path = XLBlockedButton.m; sourceTree = "<group>"; };
		3D0CE501201ED5FB0062BA49 /* XLHyperLinkButton.h */ = {isa = PBXFileReference; fileEncoding = 4; lastKnownFileType = sourcecode.c.h; path = XLHyperLinkButton.h; sourceTree = "<group>"; };
		3D0CE502201ED5FB0062BA49 /* XLHyperLinkButton.m */ = {isa = PBXFileReference; fileEncoding = 4; lastKnownFileType = sourcecode.c.objc; path = XLHyperLinkButton.m; sourceTree = "<group>"; };
		3D358187200C441C00C305FF /* XJTLoginViewController.h */ = {isa = PBXFileReference; lastKnownFileType = sourcecode.c.h; path = XJTLoginViewController.h; sourceTree = "<group>"; };
		3D358188200C441C00C305FF /* XJTLoginViewController.m */ = {isa = PBXFileReference; lastKnownFileType = sourcecode.c.objc; path = XJTLoginViewController.m; sourceTree = "<group>"; };
		3D35818A200C483500C305FF /* XJTCommonsDefines.h */ = {isa = PBXFileReference; lastKnownFileType = sourcecode.c.h; path = XJTCommonsDefines.h; sourceTree = "<group>"; };
		3D35818B200C483500C305FF /* XJTCommonsDefines.m */ = {isa = PBXFileReference; lastKnownFileType = sourcecode.c.objc; path = XJTCommonsDefines.m; sourceTree = "<group>"; };
		3D35818D200C495400C305FF /* XJTUtilities.h */ = {isa = PBXFileReference; lastKnownFileType = sourcecode.c.h; path = XJTUtilities.h; sourceTree = "<group>"; };
		3D35818E200C495400C305FF /* XJTUtilities.m */ = {isa = PBXFileReference; lastKnownFileType = sourcecode.c.objc; path = XJTUtilities.m; sourceTree = "<group>"; };
		3D358193200C4BB000C305FF /* XJTUtilitiesDefines.h */ = {isa = PBXFileReference; lastKnownFileType = sourcecode.c.h; path = XJTUtilitiesDefines.h; sourceTree = "<group>"; };
		3D358196200C4D3800C305FF /* InHeart-Training-Prefix.pch */ = {isa = PBXFileReference; lastKnownFileType = sourcecode.c.h; path = "InHeart-Training-Prefix.pch"; sourceTree = "<group>"; };
		3D358198200C53F500C305FF /* XJTMainTabBarController.h */ = {isa = PBXFileReference; lastKnownFileType = sourcecode.c.h; path = XJTMainTabBarController.h; sourceTree = "<group>"; };
		3D358199200C53F500C305FF /* XJTMainTabBarController.m */ = {isa = PBXFileReference; lastKnownFileType = sourcecode.c.objc; path = XJTMainTabBarController.m; sourceTree = "<group>"; };
		3D35819B200C796300C305FF /* XJTRequestManager.h */ = {isa = PBXFileReference; lastKnownFileType = sourcecode.c.h; path = XJTRequestManager.h; sourceTree = "<group>"; };
		3D35819C200C796300C305FF /* XJTRequestManager.m */ = {isa = PBXFileReference; lastKnownFileType = sourcecode.c.objc; path = XJTRequestManager.m; sourceTree = "<group>"; };
		3D35819E200C82C700C305FF /* XJTBaseRequest.h */ = {isa = PBXFileReference; lastKnownFileType = sourcecode.c.h; path = XJTBaseRequest.h; sourceTree = "<group>"; };
		3D35819F200C82C700C305FF /* XJTBaseRequest.m */ = {isa = PBXFileReference; lastKnownFileType = sourcecode.c.objc; path = XJTBaseRequest.m; sourceTree = "<group>"; };
		3D3581A1200D929A00C305FF /* XJTBaseModel.h */ = {isa = PBXFileReference; lastKnownFileType = sourcecode.c.h; path = XJTBaseModel.h; sourceTree = "<group>"; };
		3D3581A2200D929A00C305FF /* XJTBaseModel.m */ = {isa = PBXFileReference; lastKnownFileType = sourcecode.c.objc; path = XJTBaseModel.m; sourceTree = "<group>"; };
		3D577D602015B63500AF2E59 /* XJTSearchPatientViewController.h */ = {isa = PBXFileReference; lastKnownFileType = sourcecode.c.h; path = XJTSearchPatientViewController.h; sourceTree = "<group>"; };
		3D577D612015B63500AF2E59 /* XJTSearchPatientViewController.m */ = {isa = PBXFileReference; lastKnownFileType = sourcecode.c.objc; path = XJTSearchPatientViewController.m; sourceTree = "<group>"; };
		3D577D642015B79700AF2E59 /* XJTTrainingCenterViewController.h */ = {isa = PBXFileReference; lastKnownFileType = sourcecode.c.h; path = XJTTrainingCenterViewController.h; sourceTree = "<group>"; };
		3D577D652015B79700AF2E59 /* XJTTrainingCenterViewController.m */ = {isa = PBXFileReference; lastKnownFileType = sourcecode.c.objc; path = XJTTrainingCenterViewController.m; sourceTree = "<group>"; };
		3D75A9F52005EA1500231987 /* InHeart-Training.app */ = {isa = PBXFileReference; explicitFileType = wrapper.application; includeInIndex = 0; path = "InHeart-Training.app"; sourceTree = BUILT_PRODUCTS_DIR; };
		3D75A9F82005EA1500231987 /* AppDelegate.h */ = {isa = PBXFileReference; lastKnownFileType = sourcecode.c.h; path = AppDelegate.h; sourceTree = "<group>"; };
		3D75A9F92005EA1500231987 /* AppDelegate.m */ = {isa = PBXFileReference; lastKnownFileType = sourcecode.c.objc; path = AppDelegate.m; sourceTree = "<group>"; };
		3D75A9FF2005EA1500231987 /* Base */ = {isa = PBXFileReference; lastKnownFileType = file.storyboard; name = Base; path = Base.lproj/Main.storyboard; sourceTree = "<group>"; };
		3D75AA012005EA1500231987 /* Assets.xcassets */ = {isa = PBXFileReference; lastKnownFileType = folder.assetcatalog; path = Assets.xcassets; sourceTree = "<group>"; };
		3D75AA042005EA1500231987 /* Base */ = {isa = PBXFileReference; lastKnownFileType = file.storyboard; name = Base; path = Base.lproj/LaunchScreen.storyboard; sourceTree = "<group>"; };
		3D75AA062005EA1500231987 /* Info.plist */ = {isa = PBXFileReference; lastKnownFileType = text.plist.xml; path = Info.plist; sourceTree = "<group>"; };
		3D75AA072005EA1500231987 /* main.m */ = {isa = PBXFileReference; lastKnownFileType = sourcecode.c.objc; path = main.m; sourceTree = "<group>"; };
		3D75AA0D2005EA1500231987 /* InHeart-TrainingTests.xctest */ = {isa = PBXFileReference; explicitFileType = wrapper.cfbundle; includeInIndex = 0; path = "InHeart-TrainingTests.xctest"; sourceTree = BUILT_PRODUCTS_DIR; };
		3D75AA112005EA1500231987 /* InHeart_TrainingTests.m */ = {isa = PBXFileReference; lastKnownFileType = sourcecode.c.objc; path = InHeart_TrainingTests.m; sourceTree = "<group>"; };
		3D75AA132005EA1500231987 /* Info.plist */ = {isa = PBXFileReference; lastKnownFileType = text.plist.xml; path = Info.plist; sourceTree = "<group>"; };
		3D75AA182005EA1500231987 /* InHeart-TrainingUITests.xctest */ = {isa = PBXFileReference; explicitFileType = wrapper.cfbundle; includeInIndex = 0; path = "InHeart-TrainingUITests.xctest"; sourceTree = BUILT_PRODUCTS_DIR; };
		3D75AA1C2005EA1500231987 /* InHeart_TrainingUITests.m */ = {isa = PBXFileReference; lastKnownFileType = sourcecode.c.objc; path = InHeart_TrainingUITests.m; sourceTree = "<group>"; };
		3D75AA1E2005EA1500231987 /* Info.plist */ = {isa = PBXFileReference; lastKnownFileType = text.plist.xml; path = Info.plist; sourceTree = "<group>"; };
		3D7DDBF32044EE350046BDAC /* XJTConnectNavigationController.h */ = {isa = PBXFileReference; lastKnownFileType = sourcecode.c.h; path = XJTConnectNavigationController.h; sourceTree = "<group>"; };
		3D7DDBF42044EE350046BDAC /* XJTConnectNavigationController.m */ = {isa = PBXFileReference; lastKnownFileType = sourcecode.c.objc; path = XJTConnectNavigationController.m; sourceTree = "<group>"; };
		3D7DDBF62044EE570046BDAC /* XJTConnectIPViewController.h */ = {isa = PBXFileReference; lastKnownFileType = sourcecode.c.h; path = XJTConnectIPViewController.h; sourceTree = "<group>"; };
		3D7DDBF72044EE570046BDAC /* XJTConnectIPViewController.m */ = {isa = PBXFileReference; lastKnownFileType = sourcecode.c.objc; path = XJTConnectIPViewController.m; sourceTree = "<group>"; };
		3D7DDBF9204529930046BDAC /* XJTConnectBlueToothViewController.h */ = {isa = PBXFileReference; lastKnownFileType = sourcecode.c.h; path = XJTConnectBlueToothViewController.h; sourceTree = "<group>"; };
		3D7DDBFA204529930046BDAC /* XJTConnectBlueToothViewController.m */ = {isa = PBXFileReference; lastKnownFileType = sourcecode.c.objc; path = XJTConnectBlueToothViewController.m; sourceTree = "<group>"; };
		3D7DDBFD20453D3A0046BDAC /* XJTBlueToothCell.h */ = {isa = PBXFileReference; lastKnownFileType = sourcecode.c.h; path = XJTBlueToothCell.h; sourceTree = "<group>"; };
		3D7DDBFE20453D3A0046BDAC /* XJTBlueToothCell.m */ = {isa = PBXFileReference; lastKnownFileType = sourcecode.c.objc; path = XJTBlueToothCell.m; sourceTree = "<group>"; };
		3D7DDC052047A4060046BDAC /* XJTSocketManager.h */ = {isa = PBXFileReference; fileEncoding = 4; lastKnownFileType = sourcecode.c.h; path = XJTSocketManager.h; sourceTree = "<group>"; };
		3D7DDC062047A4060046BDAC /* XJTSocketManager.m */ = {isa = PBXFileReference; fileEncoding = 4; lastKnownFileType = sourcecode.c.objc; path = XJTSocketManager.m; sourceTree = "<group>"; };
		3D7DDC082047CC3A0046BDAC /* XJTBleManager.h */ = {isa = PBXFileReference; lastKnownFileType = sourcecode.c.h; path = XJTBleManager.h; sourceTree = "<group>"; };
		3D7DDC092047CC3A0046BDAC /* XJTBleManager.m */ = {isa = PBXFileReference; lastKnownFileType = sourcecode.c.objc; path = XJTBleManager.m; sourceTree = "<group>"; };
		3D7DDC0B2047ED5D0046BDAC /* XJTContentDataViewController.h */ = {isa = PBXFileReference; lastKnownFileType = sourcecode.c.h; path = XJTContentDataViewController.h; sourceTree = "<group>"; };
		3D7DDC0C2047ED5D0046BDAC /* XJTContentDataViewController.m */ = {isa = PBXFileReference; lastKnownFileType = sourcecode.c.objc; path = XJTContentDataViewController.m; sourceTree = "<group>"; };
		3D7DDC11204922940046BDAC /* XJTAlertTipView.h */ = {isa = PBXFileReference; lastKnownFileType = sourcecode.c.h; path = XJTAlertTipView.h; sourceTree = "<group>"; };
		3D7DDC12204922940046BDAC /* XJTAlertTipView.m */ = {isa = PBXFileReference; lastKnownFileType = sourcecode.c.objc; path = XJTAlertTipView.m; sourceTree = "<group>"; };
		3D7DDC87204E58470046BDAC /* heart_rate_wave.gif */ = {isa = PBXFileReference; lastKnownFileType = image.gif; path = heart_rate_wave.gif; sourceTree = "<group>"; };
		3D7DDC8C204E65300046BDAC /* heart_rate.gif */ = {isa = PBXFileReference; lastKnownFileType = image.gif; path = heart_rate.gif; sourceTree = "<group>"; };
		3D7DDC8E204E7A490046BDAC /* XJTHeartRateWaveView.h */ = {isa = PBXFileReference; lastKnownFileType = sourcecode.c.h; path = XJTHeartRateWaveView.h; sourceTree = "<group>"; };
		3D7DDC8F204E7A490046BDAC /* XJTHeartRateWaveView.m */ = {isa = PBXFileReference; lastKnownFileType = sourcecode.c.objc; path = XJTHeartRateWaveView.m; sourceTree = "<group>"; };
		3D7DDC92204F856B0046BDAC /* YSCWaveView.h */ = {isa = PBXFileReference; fileEncoding = 4; lastKnownFileType = sourcecode.c.h; path = YSCWaveView.h; sourceTree = "<group>"; };
		3D7DDC93204F856B0046BDAC /* YSCWaveView.m */ = {isa = PBXFileReference; fileEncoding = 4; lastKnownFileType = sourcecode.c.objc; path = YSCWaveView.m; sourceTree = "<group>"; };
		3D7DDC98205286420046BDAC /* zh-Hans */ = {isa = PBXFileReference; lastKnownFileType = text.plist.strings; name = "zh-Hans"; path = "zh-Hans.lproj/Main.strings"; sourceTree = "<group>"; };
		3D7DDC99205286440046BDAC /* zh-Hans */ = {isa = PBXFileReference; lastKnownFileType = text.plist.strings; name = "zh-Hans"; path = "zh-Hans.lproj/LaunchScreen.strings"; sourceTree = "<group>"; };
		3D7DDC9D205286AA0046BDAC /* en */ = {isa = PBXFileReference; lastKnownFileType = text.plist.strings; name = en; path = en.lproj/InfoPlist.strings; sourceTree = "<group>"; };
		3D7DDC9F205286AD0046BDAC /* zh-Hans */ = {isa = PBXFileReference; lastKnownFileType = text.plist.strings; name = "zh-Hans"; path = "zh-Hans.lproj/InfoPlist.strings"; sourceTree = "<group>"; };
		3D9446D3205FB6780056A492 /* en */ = {isa = PBXFileReference; lastKnownFileType = text.plist.strings; name = en; path = en.lproj/Main.strings; sourceTree = "<group>"; };
		3D9446DF205FB8310056A492 /* Base */ = {isa = PBXFileReference; lastKnownFileType = file.storyboard; name = Base; path = Base.lproj/Connect.storyboard; sourceTree = "<group>"; };
		BBEAF8D82DCC8D49F029F302 /* Pods-InHeart-Training.debug.xcconfig */ = {isa = PBXFileReference; includeInIndex = 1; lastKnownFileType = text.xcconfig; name = "Pods-InHeart-Training.debug.xcconfig"; path = "Pods/Target Support Files/Pods-InHeart-Training/Pods-InHeart-Training.debug.xcconfig"; sourceTree = "<group>"; };
		C32BC3EE32DCE61E93BAFD1F /* libPods-InHeart-Training.a */ = {isa = PBXFileReference; explicitFileType = archive.ar; includeInIndex = 0; path = "libPods-InHeart-Training.a"; sourceTree = BUILT_PRODUCTS_DIR; };
/* End PBXFileReference section */

/* Begin PBXFrameworksBuildPhase section */
		3D75A9F22005EA1500231987 /* Frameworks */ = {
			isa = PBXFrameworksBuildPhase;
			buildActionMask = 2147483647;
			files = (
				5D406B974BFB53250C8A029F /* libPods-InHeart-Training.a in Frameworks */,
			);
			runOnlyForDeploymentPostprocessing = 0;
		};
		3D75AA0A2005EA1500231987 /* Frameworks */ = {
			isa = PBXFrameworksBuildPhase;
			buildActionMask = 2147483647;
			files = (
			);
			runOnlyForDeploymentPostprocessing = 0;
		};
		3D75AA152005EA1500231987 /* Frameworks */ = {
			isa = PBXFrameworksBuildPhase;
			buildActionMask = 2147483647;
			files = (
			);
			runOnlyForDeploymentPostprocessing = 0;
		};
/* End PBXFrameworksBuildPhase section */

/* Begin PBXGroup section */
		3D0CE4F4201EB2430062BA49 /* PatientsManagement */ = {
			isa = PBXGroup;
			children = (
			);
			path = PatientsManagement;
			sourceTree = "<group>";
		};
		3D0CE4F5201ED5E70062BA49 /* Vendor */ = {
			isa = PBXGroup;
			children = (
				3D7DDC91204F855A0046BDAC /* YSCWaveView */,
				3D0CE4F6201ED5FB0062BA49 /* XLKit */,
			);
			path = Vendor;
			sourceTree = "<group>";
		};
		3D0CE4F6201ED5FB0062BA49 /* XLKit */ = {
			isa = PBXGroup;
			children = (
				3D0CE4F7201ED5FB0062BA49 /* XLAlertControllerObject.h */,
				3D0CE4F8201ED5FB0062BA49 /* XLAlertControllerObject.m */,
				3D0CE4F9201ED5FB0062BA49 /* XLBlockActionSheet.h */,
				3D0CE4FA201ED5FB0062BA49 /* XLBlockActionSheet.m */,
				3D0CE4FB201ED5FB0062BA49 /* XLBlockAlertView.h */,
				3D0CE4FC201ED5FB0062BA49 /* XLBlockAlertView.m */,
				3D0CE4FD201ED5FB0062BA49 /* XLBlockedButton.h */,
				3D0CE4FE201ED5FB0062BA49 /* XLBlockedButton.m */,
				3D0CE501201ED5FB0062BA49 /* XLHyperLinkButton.h */,
				3D0CE502201ED5FB0062BA49 /* XLHyperLinkButton.m */,
			);
			path = XLKit;
			sourceTree = "<group>";
		};
		3D358186200C43CC00C305FF /* Login */ = {
			isa = PBXGroup;
			children = (
				3D358187200C441C00C305FF /* XJTLoginViewController.h */,
				3D358188200C441C00C305FF /* XJTLoginViewController.m */,
			);
			path = Login;
			sourceTree = "<group>";
		};
		3D358197200C53D400C305FF /* Main */ = {
			isa = PBXGroup;
			children = (
				3D358198200C53F500C305FF /* XJTMainTabBarController.h */,
				3D358199200C53F500C305FF /* XJTMainTabBarController.m */,
			);
			path = Main;
			sourceTree = "<group>";
		};
		3D577D5F2015B5D700AF2E59 /* Homepage */ = {
			isa = PBXGroup;
			children = (
				3D577D602015B63500AF2E59 /* XJTSearchPatientViewController.h */,
				3D577D612015B63500AF2E59 /* XJTSearchPatientViewController.m */,
			);
			path = Homepage;
			sourceTree = "<group>";
		};
		3D577D632015B6E900AF2E59 /* TrainingCenter */ = {
			isa = PBXGroup;
			children = (
				3D577D642015B79700AF2E59 /* XJTTrainingCenterViewController.h */,
				3D577D652015B79700AF2E59 /* XJTTrainingCenterViewController.m */,
			);
			path = TrainingCenter;
			sourceTree = "<group>";
		};
		3D75A9EC2005EA1500231987 = {
			isa = PBXGroup;
			children = (
				3D75A9F72005EA1500231987 /* InHeart-Training */,
				3D7DDC89204E5B910046BDAC /* GifFile */,
				3D75AA102005EA1500231987 /* InHeart-TrainingTests */,
				3D75AA1B2005EA1500231987 /* InHeart-TrainingUITests */,
				3D75A9F62005EA1500231987 /* Products */,
				96E57FDC9CACBD2E22BC1E38 /* Pods */,
				D81F29E4C8B8ACC0D04D843D /* Frameworks */,
			);
			sourceTree = "<group>";
		};
		3D75A9F62005EA1500231987 /* Products */ = {
			isa = PBXGroup;
			children = (
				3D75A9F52005EA1500231987 /* InHeart-Training.app */,
				3D75AA0D2005EA1500231987 /* InHeart-TrainingTests.xctest */,
				3D75AA182005EA1500231987 /* InHeart-TrainingUITests.xctest */,
			);
			name = Products;
			sourceTree = "<group>";
		};
		3D75A9F72005EA1500231987 /* InHeart-Training */ = {
			isa = PBXGroup;
			children = (
				3D75AA3C20088DD000231987 /* Storyboards */,
				3D75AA3F20088E5E00231987 /* Features */,
				3D75AA3E20088E3200231987 /* Model */,
				3D75AA3D20088DEF00231987 /* Request */,
				3D75AA4020088ECA00231987 /* Commons */,
				3D0CE4F5201ED5E70062BA49 /* Vendor */,
				3D75A9F82005EA1500231987 /* AppDelegate.h */,
				3D75A9F92005EA1500231987 /* AppDelegate.m */,
				3D75A9FE2005EA1500231987 /* Main.storyboard */,
				3D75AA012005EA1500231987 /* Assets.xcassets */,
				3D75AA032005EA1500231987 /* LaunchScreen.storyboard */,
				3D75AA062005EA1500231987 /* Info.plist */,
				3D7DDC9E205286AA0046BDAC /* InfoPlist.strings */,
				3D75AA072005EA1500231987 /* main.m */,
				3D358196200C4D3800C305FF /* InHeart-Training-Prefix.pch */,
			);
			path = "InHeart-Training";
			sourceTree = "<group>";
		};
		3D75AA102005EA1500231987 /* InHeart-TrainingTests */ = {
			isa = PBXGroup;
			children = (
				3D75AA112005EA1500231987 /* InHeart_TrainingTests.m */,
				3D75AA132005EA1500231987 /* Info.plist */,
			);
			path = "InHeart-TrainingTests";
			sourceTree = "<group>";
		};
		3D75AA1B2005EA1500231987 /* InHeart-TrainingUITests */ = {
			isa = PBXGroup;
			children = (
				3D75AA1C2005EA1500231987 /* InHeart_TrainingUITests.m */,
				3D75AA1E2005EA1500231987 /* Info.plist */,
			);
			path = "InHeart-TrainingUITests";
			sourceTree = "<group>";
		};
		3D75AA3C20088DD000231987 /* Storyboards */ = {
			isa = PBXGroup;
			children = (
				3D9446DC205FB82A0056A492 /* Connect.storyboard */,
			);
			path = Storyboards;
			sourceTree = "<group>";
		};
		3D75AA3D20088DEF00231987 /* Request */ = {
			isa = PBXGroup;
			children = (
				3D7DDC042047A3FB0046BDAC /* Managers */,
				3D35819B200C796300C305FF /* XJTRequestManager.h */,
				3D35819C200C796300C305FF /* XJTRequestManager.m */,
				3D35819E200C82C700C305FF /* XJTBaseRequest.h */,
				3D35819F200C82C700C305FF /* XJTBaseRequest.m */,
			);
			path = Request;
			sourceTree = "<group>";
		};
		3D75AA3E20088E3200231987 /* Model */ = {
			isa = PBXGroup;
			children = (
				3D3581A1200D929A00C305FF /* XJTBaseModel.h */,
				3D3581A2200D929A00C305FF /* XJTBaseModel.m */,
			);
			path = Model;
			sourceTree = "<group>";
		};
		3D75AA3F20088E5E00231987 /* Features */ = {
			isa = PBXGroup;
			children = (
				3D358197200C53D400C305FF /* Main */,
				3D7DDBF22044EE010046BDAC /* Connect */,
				3D358186200C43CC00C305FF /* Login */,
				3D577D5F2015B5D700AF2E59 /* Homepage */,
				3D577D632015B6E900AF2E59 /* TrainingCenter */,
				3D0CE4F4201EB2430062BA49 /* PatientsManagement */,
			);
			path = Features;
			sourceTree = "<group>";
		};
		3D75AA4020088ECA00231987 /* Commons */ = {
			isa = PBXGroup;
			children = (
				3D35818A200C483500C305FF /* XJTCommonsDefines.h */,
				3D35818B200C483500C305FF /* XJTCommonsDefines.m */,
				3D35818D200C495400C305FF /* XJTUtilities.h */,
				3D35818E200C495400C305FF /* XJTUtilities.m */,
				3D358193200C4BB000C305FF /* XJTUtilitiesDefines.h */,
			);
			path = Commons;
			sourceTree = "<group>";
		};
		3D7DDBF22044EE010046BDAC /* Connect */ = {
			isa = PBXGroup;
			children = (
				3D7DDBFC20453D200046BDAC /* Views */,
				3D7DDBF32044EE350046BDAC /* XJTConnectNavigationController.h */,
				3D7DDBF42044EE350046BDAC /* XJTConnectNavigationController.m */,
				3D7DDBF62044EE570046BDAC /* XJTConnectIPViewController.h */,
				3D7DDBF72044EE570046BDAC /* XJTConnectIPViewController.m */,
				3D7DDBF9204529930046BDAC /* XJTConnectBlueToothViewController.h */,
				3D7DDBFA204529930046BDAC /* XJTConnectBlueToothViewController.m */,
				3D7DDC0B2047ED5D0046BDAC /* XJTContentDataViewController.h */,
				3D7DDC0C2047ED5D0046BDAC /* XJTContentDataViewController.m */,
			);
			path = Connect;
			sourceTree = "<group>";
		};
		3D7DDBFC20453D200046BDAC /* Views */ = {
			isa = PBXGroup;
			children = (
				3D7DDBFD20453D3A0046BDAC /* XJTBlueToothCell.h */,
				3D7DDBFE20453D3A0046BDAC /* XJTBlueToothCell.m */,
				3D7DDC11204922940046BDAC /* XJTAlertTipView.h */,
				3D7DDC12204922940046BDAC /* XJTAlertTipView.m */,
				3D7DDC8E204E7A490046BDAC /* XJTHeartRateWaveView.h */,
				3D7DDC8F204E7A490046BDAC /* XJTHeartRateWaveView.m */,
			);
			path = Views;
			sourceTree = "<group>";
		};
		3D7DDC042047A3FB0046BDAC /* Managers */ = {
			isa = PBXGroup;
			children = (
				3D7DDC052047A4060046BDAC /* XJTSocketManager.h */,
				3D7DDC062047A4060046BDAC /* XJTSocketManager.m */,
				3D7DDC082047CC3A0046BDAC /* XJTBleManager.h */,
				3D7DDC092047CC3A0046BDAC /* XJTBleManager.m */,
			);
			path = Managers;
			sourceTree = "<group>";
		};
		3D7DDC89204E5B910046BDAC /* GifFile */ = {
			isa = PBXGroup;
			children = (
				3D7DDC8C204E65300046BDAC /* heart_rate.gif */,
				3D7DDC87204E58470046BDAC /* heart_rate_wave.gif */,
			);
			path = GifFile;
			sourceTree = "<group>";
		};
		3D7DDC91204F855A0046BDAC /* YSCWaveView */ = {
			isa = PBXGroup;
			children = (
				3D7DDC92204F856B0046BDAC /* YSCWaveView.h */,
				3D7DDC93204F856B0046BDAC /* YSCWaveView.m */,
			);
			path = YSCWaveView;
			sourceTree = "<group>";
		};
		96E57FDC9CACBD2E22BC1E38 /* Pods */ = {
			isa = PBXGroup;
			children = (
				BBEAF8D82DCC8D49F029F302 /* Pods-InHeart-Training.debug.xcconfig */,
				1093E17DA8D76D9F83121086 /* Pods-InHeart-Training.release.xcconfig */,
			);
			name = Pods;
			sourceTree = "<group>";
		};
		D81F29E4C8B8ACC0D04D843D /* Frameworks */ = {
			isa = PBXGroup;
			children = (
				C32BC3EE32DCE61E93BAFD1F /* libPods-InHeart-Training.a */,
			);
			name = Frameworks;
			sourceTree = "<group>";
		};
/* End PBXGroup section */

/* Begin PBXNativeTarget section */
		3D75A9F42005EA1500231987 /* InHeart-Training */ = {
			isa = PBXNativeTarget;
			buildConfigurationList = 3D75AA212005EA1500231987 /* Build configuration list for PBXNativeTarget "InHeart-Training" */;
			buildPhases = (
				DB795FA30B39F14C4BADC40A /* [CP] Check Pods Manifest.lock */,
				3D75A9F12005EA1500231987 /* Sources */,
				3D75A9F22005EA1500231987 /* Frameworks */,
				3D75A9F32005EA1500231987 /* Resources */,
				88F383F6093A348ACF813931 /* [CP] Embed Pods Frameworks */,
				23CE52B4714398522D8DC7F4 /* [CP] Copy Pods Resources */,
			);
			buildRules = (
			);
			dependencies = (
			);
			name = "InHeart-Training";
			productName = "InHeart-Training";
			productReference = 3D75A9F52005EA1500231987 /* InHeart-Training.app */;
			productType = "com.apple.product-type.application";
		};
		3D75AA0C2005EA1500231987 /* InHeart-TrainingTests */ = {
			isa = PBXNativeTarget;
			buildConfigurationList = 3D75AA242005EA1500231987 /* Build configuration list for PBXNativeTarget "InHeart-TrainingTests" */;
			buildPhases = (
				3D75AA092005EA1500231987 /* Sources */,
				3D75AA0A2005EA1500231987 /* Frameworks */,
				3D75AA0B2005EA1500231987 /* Resources */,
			);
			buildRules = (
			);
			dependencies = (
				3D75AA0F2005EA1500231987 /* PBXTargetDependency */,
			);
			name = "InHeart-TrainingTests";
			productName = "InHeart-TrainingTests";
			productReference = 3D75AA0D2005EA1500231987 /* InHeart-TrainingTests.xctest */;
			productType = "com.apple.product-type.bundle.unit-test";
		};
		3D75AA172005EA1500231987 /* InHeart-TrainingUITests */ = {
			isa = PBXNativeTarget;
			buildConfigurationList = 3D75AA272005EA1500231987 /* Build configuration list for PBXNativeTarget "InHeart-TrainingUITests" */;
			buildPhases = (
				3D75AA142005EA1500231987 /* Sources */,
				3D75AA152005EA1500231987 /* Frameworks */,
				3D75AA162005EA1500231987 /* Resources */,
			);
			buildRules = (
			);
			dependencies = (
				3D75AA1A2005EA1500231987 /* PBXTargetDependency */,
			);
			name = "InHeart-TrainingUITests";
			productName = "InHeart-TrainingUITests";
			productReference = 3D75AA182005EA1500231987 /* InHeart-TrainingUITests.xctest */;
			productType = "com.apple.product-type.bundle.ui-testing";
		};
/* End PBXNativeTarget section */

/* Begin PBXProject section */
		3D75A9ED2005EA1500231987 /* Project object */ = {
			isa = PBXProject;
			attributes = {
				LastUpgradeCheck = 0920;
				ORGANIZATIONNAME = "项小盆友";
				TargetAttributes = {
					3D75A9F42005EA1500231987 = {
						CreatedOnToolsVersion = 9.2;
						ProvisioningStyle = Automatic;
						SystemCapabilities = {
							com.apple.BackgroundModes = {
								enabled = 0;
							};
						};
					};
					3D75AA0C2005EA1500231987 = {
						CreatedOnToolsVersion = 9.2;
						ProvisioningStyle = Automatic;
						TestTargetID = 3D75A9F42005EA1500231987;
					};
					3D75AA172005EA1500231987 = {
						CreatedOnToolsVersion = 9.2;
						ProvisioningStyle = Automatic;
						TestTargetID = 3D75A9F42005EA1500231987;
					};
				};
			};
			buildConfigurationList = 3D75A9F02005EA1500231987 /* Build configuration list for PBXProject "InHeart-Training" */;
			compatibilityVersion = "Xcode 8.0";
			developmentRegion = en;
			hasScannedForEncodings = 0;
			knownRegions = (
				en,
				Base,
				"zh-Hans",
			);
			mainGroup = 3D75A9EC2005EA1500231987;
			productRefGroup = 3D75A9F62005EA1500231987 /* Products */;
			projectDirPath = "";
			projectRoot = "";
			targets = (
				3D75A9F42005EA1500231987 /* InHeart-Training */,
				3D75AA0C2005EA1500231987 /* InHeart-TrainingTests */,
				3D75AA172005EA1500231987 /* InHeart-TrainingUITests */,
			);
		};
/* End PBXProject section */

/* Begin PBXResourcesBuildPhase section */
		3D75A9F32005EA1500231987 /* Resources */ = {
			isa = PBXResourcesBuildPhase;
			buildActionMask = 2147483647;
			files = (
				3D75AA052005EA1500231987 /* LaunchScreen.storyboard in Resources */,
				3D9446DE205FB82B0056A492 /* Connect.storyboard in Resources */,
				3D7DDC9C205286AA0046BDAC /* InfoPlist.strings in Resources */,
				3D75AA022005EA1500231987 /* Assets.xcassets in Resources */,
				3D7DDC88204E58480046BDAC /* heart_rate_wave.gif in Resources */,
				3D7DDC8D204E65310046BDAC /* heart_rate.gif in Resources */,
				3D75AA002005EA1500231987 /* Main.storyboard in Resources */,
			);
			runOnlyForDeploymentPostprocessing = 0;
		};
		3D75AA0B2005EA1500231987 /* Resources */ = {
			isa = PBXResourcesBuildPhase;
			buildActionMask = 2147483647;
			files = (
			);
			runOnlyForDeploymentPostprocessing = 0;
		};
		3D75AA162005EA1500231987 /* Resources */ = {
			isa = PBXResourcesBuildPhase;
			buildActionMask = 2147483647;
			files = (
			);
			runOnlyForDeploymentPostprocessing = 0;
		};
/* End PBXResourcesBuildPhase section */

/* Begin PBXShellScriptBuildPhase section */
		23CE52B4714398522D8DC7F4 /* [CP] Copy Pods Resources */ = {
			isa = PBXShellScriptBuildPhase;
			buildActionMask = 2147483647;
			files = (
			);
			inputPaths = (
			);
			name = "[CP] Copy Pods Resources";
			outputPaths = (
			);
			runOnlyForDeploymentPostprocessing = 0;
			shellPath = /bin/sh;
			shellScript = "\"${SRCROOT}/Pods/Target Support Files/Pods-InHeart-Training/Pods-InHeart-Training-resources.sh\"\n";
			showEnvVarsInLog = 0;
		};
		88F383F6093A348ACF813931 /* [CP] Embed Pods Frameworks */ = {
			isa = PBXShellScriptBuildPhase;
			buildActionMask = 2147483647;
			files = (
			);
			inputPaths = (
			);
			name = "[CP] Embed Pods Frameworks";
			outputPaths = (
			);
			runOnlyForDeploymentPostprocessing = 0;
			shellPath = /bin/sh;
			shellScript = "\"${SRCROOT}/Pods/Target Support Files/Pods-InHeart-Training/Pods-InHeart-Training-frameworks.sh\"\n";
			showEnvVarsInLog = 0;
		};
		DB795FA30B39F14C4BADC40A /* [CP] Check Pods Manifest.lock */ = {
			isa = PBXShellScriptBuildPhase;
			buildActionMask = 2147483647;
			files = (
			);
			inputPaths = (
			);
			name = "[CP] Check Pods Manifest.lock";
			outputPaths = (
			);
			runOnlyForDeploymentPostprocessing = 0;
			shellPath = /bin/sh;
			shellScript = "diff \"${PODS_ROOT}/../Podfile.lock\" \"${PODS_ROOT}/Manifest.lock\" > /dev/null\nif [ $? != 0 ] ; then\n    # print error to STDERR\n    echo \"error: The sandbox is not in sync with the Podfile.lock. Run 'pod install' or update your CocoaPods installation.\" >&2\n    exit 1\nfi\n";
			showEnvVarsInLog = 0;
		};
/* End PBXShellScriptBuildPhase section */

/* Begin PBXSourcesBuildPhase section */
		3D75A9F12005EA1500231987 /* Sources */ = {
			isa = PBXSourcesBuildPhase;
			buildActionMask = 2147483647;
			files = (
				3D7DDC0A2047CC3A0046BDAC /* XJTBleManager.m in Sources */,
				3D35818F200C495400C305FF /* XJTUtilities.m in Sources */,
				3D358189200C441C00C305FF /* XJTLoginViewController.m in Sources */,
				3D75AA082005EA1500231987 /* main.m in Sources */,
				3D35818C200C483500C305FF /* XJTCommonsDefines.m in Sources */,
				3D7DDC94204F856B0046BDAC /* YSCWaveView.m in Sources */,
				3D75A9FA2005EA1500231987 /* AppDelegate.m in Sources */,
				3D0CE508201ED5FB0062BA49 /* XLHyperLinkButton.m in Sources */,
				3D0CE505201ED5FB0062BA49 /* XLBlockAlertView.m in Sources */,
				3D7DDC90204E7A490046BDAC /* XJTHeartRateWaveView.m in Sources */,
				3D7DDBFB204529930046BDAC /* XJTConnectBlueToothViewController.m in Sources */,
				3D3581A0200C82C700C305FF /* XJTBaseRequest.m in Sources */,
				3D7DDC13204922950046BDAC /* XJTAlertTipView.m in Sources */,
				3D7DDBFF20453D3A0046BDAC /* XJTBlueToothCell.m in Sources */,
				3D577D662015B79700AF2E59 /* XJTTrainingCenterViewController.m in Sources */,
				3D7DDBF52044EE350046BDAC /* XJTConnectNavigationController.m in Sources */,
				3D0CE506201ED5FB0062BA49 /* XLBlockedButton.m in Sources */,
				3D3581A3200D929A00C305FF /* XJTBaseModel.m in Sources */,
				3D35819D200C796300C305FF /* XJTRequestManager.m in Sources */,
				3D7DDC0D2047ED5D0046BDAC /* XJTContentDataViewController.m in Sources */,
				3D577D622015B63500AF2E59 /* XJTSearchPatientViewController.m in Sources */,
				3D0CE504201ED5FB0062BA49 /* XLBlockActionSheet.m in Sources */,
				3D7DDBF82044EE570046BDAC /* XJTConnectIPViewController.m in Sources */,
				3D35819A200C53F500C305FF /* XJTMainTabBarController.m in Sources */,
				3D7DDC072047A4070046BDAC /* XJTSocketManager.m in Sources */,
				3D0CE503201ED5FB0062BA49 /* XLAlertControllerObject.m in Sources */,
			);
			runOnlyForDeploymentPostprocessing = 0;
		};
		3D75AA092005EA1500231987 /* Sources */ = {
			isa = PBXSourcesBuildPhase;
			buildActionMask = 2147483647;
			files = (
				3D75AA122005EA1500231987 /* InHeart_TrainingTests.m in Sources */,
			);
			runOnlyForDeploymentPostprocessing = 0;
		};
		3D75AA142005EA1500231987 /* Sources */ = {
			isa = PBXSourcesBuildPhase;
			buildActionMask = 2147483647;
			files = (
				3D75AA1D2005EA1500231987 /* InHeart_TrainingUITests.m in Sources */,
			);
			runOnlyForDeploymentPostprocessing = 0;
		};
/* End PBXSourcesBuildPhase section */

/* Begin PBXTargetDependency section */
		3D75AA0F2005EA1500231987 /* PBXTargetDependency */ = {
			isa = PBXTargetDependency;
			target = 3D75A9F42005EA1500231987 /* InHeart-Training */;
			targetProxy = 3D75AA0E2005EA1500231987 /* PBXContainerItemProxy */;
		};
		3D75AA1A2005EA1500231987 /* PBXTargetDependency */ = {
			isa = PBXTargetDependency;
			target = 3D75A9F42005EA1500231987 /* InHeart-Training */;
			targetProxy = 3D75AA192005EA1500231987 /* PBXContainerItemProxy */;
		};
/* End PBXTargetDependency section */

/* Begin PBXVariantGroup section */
		3D75A9FE2005EA1500231987 /* Main.storyboard */ = {
			isa = PBXVariantGroup;
			children = (
				3D75A9FF2005EA1500231987 /* Base */,
				3D7DDC98205286420046BDAC /* zh-Hans */,
				3D9446D3205FB6780056A492 /* en */,
			);
			name = Main.storyboard;
			sourceTree = "<group>";
		};
		3D75AA032005EA1500231987 /* LaunchScreen.storyboard */ = {
			isa = PBXVariantGroup;
			children = (
				3D75AA042005EA1500231987 /* Base */,
				3D7DDC99205286440046BDAC /* zh-Hans */,
			);
			name = LaunchScreen.storyboard;
			sourceTree = "<group>";
		};
		3D7DDC9E205286AA0046BDAC /* InfoPlist.strings */ = {
			isa = PBXVariantGroup;
			children = (
				3D7DDC9D205286AA0046BDAC /* en */,
				3D7DDC9F205286AD0046BDAC /* zh-Hans */,
			);
			name = InfoPlist.strings;
			sourceTree = "<group>";
		};
		3D9446DC205FB82A0056A492 /* Connect.storyboard */ = {
			isa = PBXVariantGroup;
			children = (
				3D9446DF205FB8310056A492 /* Base */,
			);
			name = Connect.storyboard;
			sourceTree = "<group>";
		};
/* End PBXVariantGroup section */

/* Begin XCBuildConfiguration section */
		3D75AA1F2005EA1500231987 /* Debug */ = {
			isa = XCBuildConfiguration;
			buildSettings = {
				ALWAYS_SEARCH_USER_PATHS = NO;
				CLANG_ANALYZER_LOCALIZABILITY_NONLOCALIZED = YES;
				CLANG_ANALYZER_NONNULL = YES;
				CLANG_ANALYZER_NUMBER_OBJECT_CONVERSION = YES_AGGRESSIVE;
				CLANG_CXX_LANGUAGE_STANDARD = "gnu++14";
				CLANG_CXX_LIBRARY = "libc++";
				CLANG_ENABLE_MODULES = YES;
				CLANG_ENABLE_OBJC_ARC = YES;
				CLANG_WARN_BLOCK_CAPTURE_AUTORELEASING = YES;
				CLANG_WARN_BOOL_CONVERSION = YES;
				CLANG_WARN_COMMA = YES;
				CLANG_WARN_CONSTANT_CONVERSION = YES;
				CLANG_WARN_DIRECT_OBJC_ISA_USAGE = YES_ERROR;
				CLANG_WARN_DOCUMENTATION_COMMENTS = YES;
				CLANG_WARN_EMPTY_BODY = YES;
				CLANG_WARN_ENUM_CONVERSION = YES;
				CLANG_WARN_INFINITE_RECURSION = YES;
				CLANG_WARN_INT_CONVERSION = YES;
				CLANG_WARN_NON_LITERAL_NULL_CONVERSION = YES;
				CLANG_WARN_OBJC_LITERAL_CONVERSION = YES;
				CLANG_WARN_OBJC_ROOT_CLASS = YES_ERROR;
				CLANG_WARN_RANGE_LOOP_ANALYSIS = YES;
				CLANG_WARN_STRICT_PROTOTYPES = YES;
				CLANG_WARN_SUSPICIOUS_MOVE = YES;
				CLANG_WARN_UNGUARDED_AVAILABILITY = YES_AGGRESSIVE;
				CLANG_WARN_UNREACHABLE_CODE = YES;
				CLANG_WARN__DUPLICATE_METHOD_MATCH = YES;
				CODE_SIGN_IDENTITY = "iPhone Developer";
				COPY_PHASE_STRIP = NO;
				DEBUG_INFORMATION_FORMAT = dwarf;
				ENABLE_STRICT_OBJC_MSGSEND = YES;
				ENABLE_TESTABILITY = YES;
				GCC_C_LANGUAGE_STANDARD = gnu11;
				GCC_DYNAMIC_NO_PIC = NO;
				GCC_NO_COMMON_BLOCKS = YES;
				GCC_OPTIMIZATION_LEVEL = 0;
				GCC_PREPROCESSOR_DEFINITIONS = (
					"DEBUG=1",
					"$(inherited)",
				);
				GCC_WARN_64_TO_32_BIT_CONVERSION = YES;
				GCC_WARN_ABOUT_RETURN_TYPE = YES_ERROR;
				GCC_WARN_UNDECLARED_SELECTOR = YES;
				GCC_WARN_UNINITIALIZED_AUTOS = YES_AGGRESSIVE;
				GCC_WARN_UNUSED_FUNCTION = YES;
				GCC_WARN_UNUSED_VARIABLE = YES;
				IPHONEOS_DEPLOYMENT_TARGET = 11.2;
				MTL_ENABLE_DEBUG_INFO = YES;
				ONLY_ACTIVE_ARCH = YES;
				SDKROOT = iphoneos;
			};
			name = Debug;
		};
		3D75AA202005EA1500231987 /* Release */ = {
			isa = XCBuildConfiguration;
			buildSettings = {
				ALWAYS_SEARCH_USER_PATHS = NO;
				CLANG_ANALYZER_LOCALIZABILITY_NONLOCALIZED = YES;
				CLANG_ANALYZER_NONNULL = YES;
				CLANG_ANALYZER_NUMBER_OBJECT_CONVERSION = YES_AGGRESSIVE;
				CLANG_CXX_LANGUAGE_STANDARD = "gnu++14";
				CLANG_CXX_LIBRARY = "libc++";
				CLANG_ENABLE_MODULES = YES;
				CLANG_ENABLE_OBJC_ARC = YES;
				CLANG_WARN_BLOCK_CAPTURE_AUTORELEASING = YES;
				CLANG_WARN_BOOL_CONVERSION = YES;
				CLANG_WARN_COMMA = YES;
				CLANG_WARN_CONSTANT_CONVERSION = YES;
				CLANG_WARN_DIRECT_OBJC_ISA_USAGE = YES_ERROR;
				CLANG_WARN_DOCUMENTATION_COMMENTS = YES;
				CLANG_WARN_EMPTY_BODY = YES;
				CLANG_WARN_ENUM_CONVERSION = YES;
				CLANG_WARN_INFINITE_RECURSION = YES;
				CLANG_WARN_INT_CONVERSION = YES;
				CLANG_WARN_NON_LITERAL_NULL_CONVERSION = YES;
				CLANG_WARN_OBJC_LITERAL_CONVERSION = YES;
				CLANG_WARN_OBJC_ROOT_CLASS = YES_ERROR;
				CLANG_WARN_RANGE_LOOP_ANALYSIS = YES;
				CLANG_WARN_STRICT_PROTOTYPES = YES;
				CLANG_WARN_SUSPICIOUS_MOVE = YES;
				CLANG_WARN_UNGUARDED_AVAILABILITY = YES_AGGRESSIVE;
				CLANG_WARN_UNREACHABLE_CODE = YES;
				CLANG_WARN__DUPLICATE_METHOD_MATCH = YES;
				CODE_SIGN_IDENTITY = "iPhone Developer";
				COPY_PHASE_STRIP = NO;
				DEBUG_INFORMATION_FORMAT = "dwarf-with-dsym";
				ENABLE_NS_ASSERTIONS = NO;
				ENABLE_STRICT_OBJC_MSGSEND = YES;
				GCC_C_LANGUAGE_STANDARD = gnu11;
				GCC_NO_COMMON_BLOCKS = YES;
				GCC_WARN_64_TO_32_BIT_CONVERSION = YES;
				GCC_WARN_ABOUT_RETURN_TYPE = YES_ERROR;
				GCC_WARN_UNDECLARED_SELECTOR = YES;
				GCC_WARN_UNINITIALIZED_AUTOS = YES_AGGRESSIVE;
				GCC_WARN_UNUSED_FUNCTION = YES;
				GCC_WARN_UNUSED_VARIABLE = YES;
				IPHONEOS_DEPLOYMENT_TARGET = 11.2;
				MTL_ENABLE_DEBUG_INFO = NO;
				SDKROOT = iphoneos;
				VALIDATE_PRODUCT = YES;
			};
			name = Release;
		};
		3D75AA222005EA1500231987 /* Debug */ = {
			isa = XCBuildConfiguration;
			baseConfigurationReference = BBEAF8D82DCC8D49F029F302 /* Pods-InHeart-Training.debug.xcconfig */;
			buildSettings = {
				ASSETCATALOG_COMPILER_APPICON_NAME = AppIcon;
				"CODE_SIGN_IDENTITY[sdk=iphoneos*]" = "iPhone Developer";
				CODE_SIGN_STYLE = Automatic;
				DEVELOPMENT_TEAM = NU4X48R8LQ;
				GCC_PRECOMPILE_PREFIX_HEADER = YES;
				GCC_PREFIX_HEADER = "$(SRCROOT)/InHeart-Training/InHeart-Training-Prefix.pch";
				INFOPLIST_FILE = "InHeart-Training/Info.plist";
				IPHONEOS_DEPLOYMENT_TARGET = 11.0;
				LD_RUNPATH_SEARCH_PATHS = "$(inherited) @executable_path/Frameworks";
				PRODUCT_BUNDLE_IDENTIFIER = com.medvision.vrdrug;
				PRODUCT_NAME = "$(TARGET_NAME)";
				PROVISIONING_PROFILE = "";
				PROVISIONING_PROFILE_SPECIFIER = "";
				TARGETED_DEVICE_FAMILY = 2;
			};
			name = Debug;
		};
		3D75AA232005EA1500231987 /* Release */ = {
			isa = XCBuildConfiguration;
			baseConfigurationReference = 1093E17DA8D76D9F83121086 /* Pods-InHeart-Training.release.xcconfig */;
			buildSettings = {
				ASSETCATALOG_COMPILER_APPICON_NAME = AppIcon;
				"CODE_SIGN_IDENTITY[sdk=iphoneos*]" = "iPhone Developer";
				CODE_SIGN_STYLE = Automatic;
				DEVELOPMENT_TEAM = NU4X48R8LQ;
				GCC_PRECOMPILE_PREFIX_HEADER = YES;
				GCC_PREFIX_HEADER = "$(SRCROOT)/InHeart-Training/InHeart-Training-Prefix.pch";
				INFOPLIST_FILE = "InHeart-Training/Info.plist";
				IPHONEOS_DEPLOYMENT_TARGET = 11.0;
				LD_RUNPATH_SEARCH_PATHS = "$(inherited) @executable_path/Frameworks";
				PRODUCT_BUNDLE_IDENTIFIER = com.medvision.vrdrug;
				PRODUCT_NAME = "$(TARGET_NAME)";
				PROVISIONING_PROFILE = "";
				PROVISIONING_PROFILE_SPECIFIER = "";
				TARGETED_DEVICE_FAMILY = 2;
			};
			name = Release;
		};
		3D75AA252005EA1500231987 /* Debug */ = {
			isa = XCBuildConfiguration;
			buildSettings = {
				BUNDLE_LOADER = "$(TEST_HOST)";
				CODE_SIGN_STYLE = Automatic;
				DEVELOPMENT_TEAM = 2TD7NZ9YYK;
				INFOPLIST_FILE = "InHeart-TrainingTests/Info.plist";
				LD_RUNPATH_SEARCH_PATHS = "$(inherited) @executable_path/Frameworks @loader_path/Frameworks";
				PRODUCT_BUNDLE_IDENTIFIER = "com.xlp.InHeart-TrainingTests";
				PRODUCT_NAME = "$(TARGET_NAME)";
				TARGETED_DEVICE_FAMILY = "1,2";
				TEST_HOST = "$(BUILT_PRODUCTS_DIR)/InHeart-Training.app/InHeart-Training";
			};
			name = Debug;
		};
		3D75AA262005EA1500231987 /* Release */ = {
			isa = XCBuildConfiguration;
			buildSettings = {
				BUNDLE_LOADER = "$(TEST_HOST)";
				CODE_SIGN_STYLE = Automatic;
				DEVELOPMENT_TEAM = 2TD7NZ9YYK;
				INFOPLIST_FILE = "InHeart-TrainingTests/Info.plist";
				LD_RUNPATH_SEARCH_PATHS = "$(inherited) @executable_path/Frameworks @loader_path/Frameworks";
				PRODUCT_BUNDLE_IDENTIFIER = "com.xlp.InHeart-TrainingTests";
				PRODUCT_NAME = "$(TARGET_NAME)";
				TARGETED_DEVICE_FAMILY = "1,2";
				TEST_HOST = "$(BUILT_PRODUCTS_DIR)/InHeart-Training.app/InHeart-Training";
			};
			name = Release;
		};
		3D75AA282005EA1500231987 /* Debug */ = {
			isa = XCBuildConfiguration;
			buildSettings = {
				CODE_SIGN_STYLE = Automatic;
				DEVELOPMENT_TEAM = 2TD7NZ9YYK;
				INFOPLIST_FILE = "InHeart-TrainingUITests/Info.plist";
				LD_RUNPATH_SEARCH_PATHS = "$(inherited) @executable_path/Frameworks @loader_path/Frameworks";
				PRODUCT_BUNDLE_IDENTIFIER = "com.xlp.InHeart-TrainingUITests";
				PRODUCT_NAME = "$(TARGET_NAME)";
				TARGETED_DEVICE_FAMILY = "1,2";
				TEST_TARGET_NAME = "InHeart-Training";
			};
			name = Debug;
		};
		3D75AA292005EA1500231987 /* Release */ = {
			isa = XCBuildConfiguration;
			buildSettings = {
				CODE_SIGN_STYLE = Automatic;
				DEVELOPMENT_TEAM = 2TD7NZ9YYK;
				INFOPLIST_FILE = "InHeart-TrainingUITests/Info.plist";
				LD_RUNPATH_SEARCH_PATHS = "$(inherited) @executable_path/Frameworks @loader_path/Frameworks";
				PRODUCT_BUNDLE_IDENTIFIER = "com.xlp.InHeart-TrainingUITests";
				PRODUCT_NAME = "$(TARGET_NAME)";
				TARGETED_DEVICE_FAMILY = "1,2";
				TEST_TARGET_NAME = "InHeart-Training";
			};
			name = Release;
		};
/* End XCBuildConfiguration section */

/* Begin XCConfigurationList section */
		3D75A9F02005EA1500231987 /* Build configuration list for PBXProject "InHeart-Training" */ = {
			isa = XCConfigurationList;
			buildConfigurations = (
				3D75AA1F2005EA1500231987 /* Debug */,
				3D75AA202005EA1500231987 /* Release */,
			);
			defaultConfigurationIsVisible = 0;
			defaultConfigurationName = Release;
		};
		3D75AA212005EA1500231987 /* Build configuration list for PBXNativeTarget "InHeart-Training" */ = {
			isa = XCConfigurationList;
			buildConfigurations = (
				3D75AA222005EA1500231987 /* Debug */,
				3D75AA232005EA1500231987 /* Release */,
			);
			defaultConfigurationIsVisible = 0;
			defaultConfigurationName = Release;
		};
		3D75AA242005EA1500231987 /* Build configuration list for PBXNativeTarget "InHeart-TrainingTests" */ = {
			isa = XCConfigurationList;
			buildConfigurations = (
				3D75AA252005EA1500231987 /* Debug */,
				3D75AA262005EA1500231987 /* Release */,
			);
			defaultConfigurationIsVisible = 0;
			defaultConfigurationName = Release;
		};
		3D75AA272005EA1500231987 /* Build configuration list for PBXNativeTarget "InHeart-TrainingUITests" */ = {
			isa = XCConfigurationList;
			buildConfigurations = (
				3D75AA282005EA1500231987 /* Debug */,
				3D75AA292005EA1500231987 /* Release */,
			);
			defaultConfigurationIsVisible = 0;
			defaultConfigurationName = Release;
		};
/* End XCConfigurationList section */
	};
	rootObject = 3D75A9ED2005EA1500231987 /* Project object */;
}
